
Microsoft Visual Studio Solution File, Format Version 12.00
Project("{2150E333-8FDC-42A3-9474-1A3956D46DE8}") = "src", "src", "{02621FF9-761E-4CEF-88D6-64965E8CE156}"
EndProject
Project("{2150E333-8FDC-42A3-9474-1A3956D46DE8}") = "Shop.Server", "Shop.Server", "{CC81B746-F8E2-4119-9343-10661176F4BB}"
EndProject
Project("{2150E333-8FDC-42A3-9474-1A3956D46DE8}") = "Shop.Client", "Shop.Client", "{5629D1DE-0382-4FBF-9E0D-0704068F4FFF}"
EndProject
Project("{FAE04EC0-301F-11D3-BF4B-00C04F79EFBC}") = "Shop.Server.API", "src\Shop.Server\Shop.Server.API\Shop.Server.API.csproj", "{FDE4CB20-4635-455D-9ECA-2F8A8F4A31B9}"
EndProject
Project("{FAE04EC0-301F-11D3-BF4B-00C04F79EFBC}") = "Shop.Server.BLL", "src\Shop.Server\Shop.Server.BLL\Shop.Server.BLL.csproj", "{A546FF10-4314-428F-BE3A-35E386AD74A8}"
EndProject
Project("{FAE04EC0-301F-11D3-BF4B-00C04F79EFBC}") = "Shop.Server.DAL", "src\Shop.Server\Shop.Server.DAL\Shop.Server.DAL.csproj", "{2D145F1D-C209-4B86-8ABC-DC421DEA1270}"
EndProject
Project("{FAE04EC0-301F-11D3-BF4B-00C04F79EFBC}") = "Shop.Shared", "src\Shop.Shared\Shop.Shared.csproj", "{F7BD216D-1437-48B1-8AF1-83448162BA7F}"
EndProject
Project("{FAE04EC0-301F-11D3-BF4B-00C04F79EFBC}") = "Shop.Client.Common", "src\Shop.Client\Shop.Client.Common\Shop.Client.Common.csproj", "{3634DD12-BBA5-4C66-B2E8-5E5261F54247}"
EndProject
Project("{FAE04EC0-301F-11D3-BF4B-00C04F79EFBC}") = "Shop.Client.Admin", "src\Shop.Client\Shop.Client.Admin\Shop.Client.Admin.csproj", "{621C1942-2608-422E-B62F-CC4A247A0DBA}"
EndProject
Project("{FAE04EC0-301F-11D3-BF4B-00C04F79EFBC}") = "Shop.Client.Customer", "src\Shop.Client\Shop.Client.Customer\Shop.Client.Customer.csproj", "{E0AF4312-08EF-4AC0-80C1-504F4FCB41CE}"
EndProject
Global
	GlobalSection(SolutionConfigurationPlatforms) = preSolution
		Debug|Any CPU = Debug|Any CPU
		Release|Any CPU = Release|Any CPU
	EndGlobalSection
	GlobalSection(NestedProjects) = preSolution
		{CC81B746-F8E2-4119-9343-10661176F4BB} = {02621FF9-761E-4CEF-88D6-64965E8CE156}
		{5629D1DE-0382-4FBF-9E0D-0704068F4FFF} = {02621FF9-761E-4CEF-88D6-64965E8CE156}
		{FDE4CB20-4635-455D-9ECA-2F8A8F4A31B9} = {CC81B746-F8E2-4119-9343-10661176F4BB}
		{A546FF10-4314-428F-BE3A-35E386AD74A8} = {CC81B746-F8E2-4119-9343-10661176F4BB}
		{2D145F1D-C209-4B86-8ABC-DC421DEA1270} = {CC81B746-F8E2-4119-9343-10661176F4BB}
		{F7BD216D-1437-48B1-8AF1-83448162BA7F} = {02621FF9-761E-4CEF-88D6-64965E8CE156}
		{3634DD12-BBA5-4C66-B2E8-5E5261F54247} = {5629D1DE-0382-4FBF-9E0D-0704068F4FFF}
		{621C1942-2608-422E-B62F-CC4A247A0DBA} = {5629D1DE-0382-4FBF-9E0D-0704068F4FFF}
		{E0AF4312-08EF-4AC0-80C1-504F4FCB41CE} = {5629D1DE-0382-4FBF-9E0D-0704068F4FFF}
	EndGlobalSection
	GlobalSection(ProjectConfigurationPlatforms) = postSolution
		{FDE4CB20-4635-455D-9ECA-2F8A8F4A31B9}.Debug|Any CPU.ActiveCfg = Debug|Any CPU
		{FDE4CB20-4635-455D-9ECA-2F8A8F4A31B9}.Debug|Any CPU.Build.0 = Debug|Any CPU
		{FDE4CB20-4635-455D-9ECA-2F8A8F4A31B9}.Release|Any CPU.ActiveCfg = Release|Any CPU
		{FDE4CB20-4635-455D-9ECA-2F8A8F4A31B9}.Release|Any CPU.Build.0 = Release|Any CPU
		{A546FF10-4314-428F-BE3A-35E386AD74A8}.Debug|Any CPU.ActiveCfg = Debug|Any CPU
		{A546FF10-4314-428F-BE3A-35E386AD74A8}.Debug|Any CPU.Build.0 = Debug|Any CPU
		{A546FF10-4314-428F-BE3A-35E386AD74A8}.Release|Any CPU.ActiveCfg = Release|Any CPU
		{A546FF10-4314-428F-BE3A-35E386AD74A8}.Release|Any CPU.Build.0 = Release|Any CPU
		{2D145F1D-C209-4B86-8ABC-DC421DEA1270}.Debug|Any CPU.ActiveCfg = Debug|Any CPU
		{2D145F1D-C209-4B86-8ABC-DC421DEA1270}.Debug|Any CPU.Build.0 = Debug|Any CPU
		{2D145F1D-C209-4B86-8ABC-DC421DEA1270}.Release|Any CPU.ActiveCfg = Release|Any CPU
		{2D145F1D-C209-4B86-8ABC-DC421DEA1270}.Release|Any CPU.Build.0 = Release|Any CPU
		{F7BD216D-1437-48B1-8AF1-83448162BA7F}.Debug|Any CPU.ActiveCfg = Debug|Any CPU
		{F7BD216D-1437-48B1-8AF1-83448162BA7F}.Debug|Any CPU.Build.0 = Debug|Any CPU
		{F7BD216D-1437-48B1-8AF1-83448162BA7F}.Release|Any CPU.ActiveCfg = Release|Any CPU
		{F7BD216D-1437-48B1-8AF1-83448162BA7F}.Release|Any CPU.Build.0 = Release|Any CPU
		{3634DD12-BBA5-4C66-B2E8-5E5261F54247}.Debug|Any CPU.ActiveCfg = Debug|Any CPU
		{3634DD12-BBA5-4C66-B2E8-5E5261F54247}.Debug|Any CPU.Build.0 = Debug|Any CPU
		{3634DD12-BBA5-4C66-B2E8-5E5261F54247}.Release|Any CPU.ActiveCfg = Release|Any CPU
		{3634DD12-BBA5-4C66-B2E8-5E5261F54247}.Release|Any CPU.Build.0 = Release|Any CPU
		{621C1942-2608-422E-B62F-CC4A247A0DBA}.Debug|Any CPU.ActiveCfg = Debug|Any CPU
		{621C1942-2608-422E-B62F-CC4A247A0DBA}.Debug|Any CPU.Build.0 = Debug|Any CPU
		{621C1942-2608-422E-B62F-CC4A247A0DBA}.Release|Any CPU.ActiveCfg = Release|Any CPU
		{621C1942-2608-422E-B62F-CC4A247A0DBA}.Release|Any CPU.Build.0 = Release|Any CPU
		{E0AF4312-08EF-4AC0-80C1-504F4FCB41CE}.Debug|Any CPU.ActiveCfg = Debug|Any CPU
		{E0AF4312-08EF-4AC0-80C1-504F4FCB41CE}.Debug|Any CPU.Build.0 = Debug|Any CPU
		{E0AF4312-08EF-4AC0-80C1-504F4FCB41CE}.Release|Any CPU.ActiveCfg = Release|Any CPU
		{E0AF4312-08EF-4AC0-80C1-504F4FCB41CE}.Release|Any CPU.Build.0 = Release|Any CPU
	EndGlobalSection
EndGlobal
